
Microsoft Visual Studio Solution File, Format Version 12.00
# Visual Studio Version 17
VisualStudioVersion = 17.3.32819.101
MinimumVisualStudioVersion = 10.0.40219.1
Project("{FAE04EC0-301F-11D3-BF4B-00C04F79EFBC}") = "user", "user\user.csproj", "{163226AC-F81C-404F-A072-72C2AC76D18D}"
EndProject
Global
	GlobalSection(SolutionConfigurationPlatforms) = preSolution
		Debug|Any CPU = Debug|Any CPU
		Release|Any CPU = Release|Any CPU
	EndGlobalSection
	GlobalSection(ProjectConfigurationPlatforms) = postSolution
		{163226AC-F81C-404F-A072-72C2AC76D18D}.Debug|Any CPU.ActiveCfg = Debug|Any CPU
		{163226AC-F81C-404F-A072-72C2AC76D18D}.Debug|Any CPU.Build.0 = Debug|Any CPU
		{163226AC-F81C-404F-A072-72C2AC76D18D}.Release|Any CPU.ActiveCfg = Release|Any CPU
		{163226AC-F81C-404F-A072-72C2AC76D18D}.Release|Any CPU.Build.0 = Release|Any CPU
	EndGlobalSection
	GlobalSection(SolutionProperties) = preSolution
		HideSolutionNode = FALSE
	EndGlobalSection
	GlobalSection(ExtensibilityGlobals) = postSolution
		SolutionGuid = {E003B1C0-0B7F-41B0-9B16-918C2FD0CD36}
	EndGlobalSection
EndGlobal
